// !$*UTF8*$!
{
	archiveVersion = 1;
	classes = {
	};
	objectVersion = 56;
	objects = {

/* Begin PBXBuildFile section */
		1352FF7429FBBD14002799A9 /* DarkMazeApp.swift in Sources */ = {isa = PBXBuildFile; fileRef = 1352FF7329FBBD14002799A9 /* DarkMazeApp.swift */; };
		1352FF7629FBBD14002799A9 /* ContentView.swift in Sources */ = {isa = PBXBuildFile; fileRef = 1352FF7529FBBD14002799A9 /* ContentView.swift */; };
		1352FF7829FBBD15002799A9 /* Assets.xcassets in Resources */ = {isa = PBXBuildFile; fileRef = 1352FF7729FBBD15002799A9 /* Assets.xcassets */; };
		1352FF7B29FBBD15002799A9 /* Preview Assets.xcassets in Resources */ = {isa = PBXBuildFile; fileRef = 1352FF7A29FBBD15002799A9 /* Preview Assets.xcassets */; };
		1352FF8229FBBDD2002799A9 /* GameView.swift in Sources */ = {isa = PBXBuildFile; fileRef = 1352FF8129FBBDD2002799A9 /* GameView.swift */; };
		1352FF8429FBBDE4002799A9 /* GameScene.swift in Sources */ = {isa = PBXBuildFile; fileRef = 1352FF8329FBBDE4002799A9 /* GameScene.swift */; };
		1352FF8629FBBDFF002799A9 /* MazeLib.swift in Sources */ = {isa = PBXBuildFile; fileRef = 1352FF8529FBBDFF002799A9 /* MazeLib.swift */; };
		1352FF8829FBBE0E002799A9 /* TileNode.swift in Sources */ = {isa = PBXBuildFile; fileRef = 1352FF8729FBBE0E002799A9 /* TileNode.swift */; };
		1352FF8A29FBBE20002799A9 /* WinScene.swift in Sources */ = {isa = PBXBuildFile; fileRef = 1352FF8929FBBE20002799A9 /* WinScene.swift */; };
		1352FF8C29FBBE37002799A9 /* ExtContact.swift in Sources */ = {isa = PBXBuildFile; fileRef = 1352FF8B29FBBE37002799A9 /* ExtContact.swift */; };
		1352FF8E29FBBE47002799A9 /* ExtDistance.swift in Sources */ = {isa = PBXBuildFile; fileRef = 1352FF8D29FBBE47002799A9 /* ExtDistance.swift */; };
/* End PBXBuildFile section */

/* Begin PBXFileReference section */
		1352FF7029FBBD14002799A9 /* DarkMaze.app */ = {isa = PBXFileReference; explicitFileType = wrapper.application; includeInIndex = 0; path = DarkMaze.app; sourceTree = BUILT_PRODUCTS_DIR; };
		1352FF7329FBBD14002799A9 /* DarkMazeApp.swift */ = {isa = PBXFileReference; lastKnownFileType = sourcecode.swift; path = DarkMazeApp.swift; sourceTree = "<group>"; };
		1352FF7529FBBD14002799A9 /* ContentView.swift */ = {isa = PBXFileReference; lastKnownFileType = sourcecode.swift; path = ContentView.swift; sourceTree = "<group>"; };
		1352FF7729FBBD15002799A9 /* Assets.xcassets */ = {isa = PBXFileReference; lastKnownFileType = folder.assetcatalog; path = Assets.xcassets; sourceTree = "<group>"; };
		1352FF7A29FBBD15002799A9 /* Preview Assets.xcassets */ = {isa = PBXFileReference; lastKnownFileType = folder.assetcatalog; path = "Preview Assets.xcassets"; sourceTree = "<group>"; };
		1352FF8129FBBDD2002799A9 /* GameView.swift */ = {isa = PBXFileReference; lastKnownFileType = sourcecode.swift; path = GameView.swift; sourceTree = "<group>"; };
		1352FF8329FBBDE4002799A9 /* GameScene.swift */ = {isa = PBXFileReference; lastKnownFileType = sourcecode.swift; path = GameScene.swift; sourceTree = "<group>"; };
		1352FF8529FBBDFF002799A9 /* MazeLib.swift */ = {isa = PBXFileReference; lastKnownFileType = sourcecode.swift; path = MazeLib.swift; sourceTree = "<group>"; };
		1352FF8729FBBE0E002799A9 /* TileNode.swift */ = {isa = PBXFileReference; lastKnownFileType = sourcecode.swift; path = TileNode.swift; sourceTree = "<group>"; };
		1352FF8929FBBE20002799A9 /* WinScene.swift */ = {isa = PBXFileReference; lastKnownFileType = sourcecode.swift; path = WinScene.swift; sourceTree = "<group>"; };
		1352FF8B29FBBE37002799A9 /* ExtContact.swift */ = {isa = PBXFileReference; lastKnownFileType = sourcecode.swift; path = ExtContact.swift; sourceTree = "<group>"; };
		1352FF8D29FBBE47002799A9 /* ExtDistance.swift */ = {isa = PBXFileReference; lastKnownFileType = sourcecode.swift; path = ExtDistance.swift; sourceTree = "<group>"; };
/* End PBXFileReference section */

/* Begin PBXFrameworksBuildPhase section */
		1352FF6D29FBBD14002799A9 /* Frameworks */ = {
			isa = PBXFrameworksBuildPhase;
			buildActionMask = 2147483647;
			files = (
			);
			runOnlyForDeploymentPostprocessing = 0;
		};
/* End PBXFrameworksBuildPhase section */

/* Begin PBXGroup section */
		1352FF6729FBBD14002799A9 = {
			isa = PBXGroup;
			children = (
				1352FF7229FBBD14002799A9 /* DarkMaze */,
				1352FF7129FBBD14002799A9 /* Products */,
			);
			sourceTree = "<group>";
		};
		1352FF7129FBBD14002799A9 /* Products */ = {
			isa = PBXGroup;
			children = (
				1352FF7029FBBD14002799A9 /* DarkMaze.app */,
			);
			name = Products;
			sourceTree = "<group>";
		};
		1352FF7229FBBD14002799A9 /* DarkMaze */ = {
			isa = PBXGroup;
			children = (
				1352FF7329FBBD14002799A9 /* DarkMazeApp.swift */,
				1352FF7529FBBD14002799A9 /* ContentView.swift */,
				1352FF8129FBBDD2002799A9 /* GameView.swift */,
				1352FF8329FBBDE4002799A9 /* GameScene.swift */,
				1352FF8529FBBDFF002799A9 /* MazeLib.swift */,
				1352FF8729FBBE0E002799A9 /* TileNode.swift */,
				1352FF8929FBBE20002799A9 /* WinScene.swift */,
				1352FF8F29FBBEA7002799A9 /* Extension */,
				1352FF7729FBBD15002799A9 /* Assets.xcassets */,
				1352FF7929FBBD15002799A9 /* Preview Content */,
			);
			path = DarkMaze;
			sourceTree = "<group>";
		};
		1352FF7929FBBD15002799A9 /* Preview Content */ = {
			isa = PBXGroup;
			children = (
				1352FF7A29FBBD15002799A9 /* Preview Assets.xcassets */,
			);
			path = "Preview Content";
			sourceTree = "<group>";
		};
		1352FF8F29FBBEA7002799A9 /* Extension */ = {
			isa = PBXGroup;
			children = (
				1352FF8D29FBBE47002799A9 /* ExtDistance.swift */,
				1352FF8B29FBBE37002799A9 /* ExtContact.swift */,
			);
			path = Extension;
			sourceTree = "<group>";
		};
/* End PBXGroup section */

/* Begin PBXNativeTarget section */
		1352FF6F29FBBD14002799A9 /* DarkMaze */ = {
			isa = PBXNativeTarget;
			buildConfigurationList = 1352FF7E29FBBD15002799A9 /* Build configuration list for PBXNativeTarget "DarkMaze" */;
			buildPhases = (
				1352FF6C29FBBD14002799A9 /* Sources */,
				1352FF6D29FBBD14002799A9 /* Frameworks */,
				1352FF6E29FBBD14002799A9 /* Resources */,
			);
			buildRules = (
			);
			dependencies = (
			);
			name = DarkMaze;
			productName = DarkMaze;
			productReference = 1352FF7029FBBD14002799A9 /* DarkMaze.app */;
			productType = "com.apple.product-type.application";
		};
/* End PBXNativeTarget section */

/* Begin PBXProject section */
		1352FF6829FBBD14002799A9 /* Project object */ = {
			isa = PBXProject;
			attributes = {
				BuildIndependentTargetsInParallel = 1;
				LastSwiftUpdateCheck = 1430;
				LastUpgradeCheck = 1430;
				TargetAttributes = {
					1352FF6F29FBBD14002799A9 = {
						CreatedOnToolsVersion = 14.3;
					};
				};
			};
			buildConfigurationList = 1352FF6B29FBBD14002799A9 /* Build configuration list for PBXProject "DarkMaze" */;
			compatibilityVersion = "Xcode 14.0";
			developmentRegion = en;
			hasScannedForEncodings = 0;
			knownRegions = (
				en,
				Base,
			);
			mainGroup = 1352FF6729FBBD14002799A9;
			productRefGroup = 1352FF7129FBBD14002799A9 /* Products */;
			projectDirPath = "";
			projectRoot = "";
			targets = (
				1352FF6F29FBBD14002799A9 /* DarkMaze */,
			);
		};
/* End PBXProject section */

/* Begin PBXResourcesBuildPhase section */
		1352FF6E29FBBD14002799A9 /* Resources */ = {
			isa = PBXResourcesBuildPhase;
			buildActionMask = 2147483647;
			files = (
				1352FF7B29FBBD15002799A9 /* Preview Assets.xcassets in Resources */,
				1352FF7829FBBD15002799A9 /* Assets.xcassets in Resources */,
			);
			runOnlyForDeploymentPostprocessing = 0;
		};
/* End PBXResourcesBuildPhase section */

/* Begin PBXSourcesBuildPhase section */
		1352FF6C29FBBD14002799A9 /* Sources */ = {
			isa = PBXSourcesBuildPhase;
			buildActionMask = 2147483647;
			files = (
				1352FF8C29FBBE37002799A9 /* ExtContact.swift in Sources */,
				1352FF7629FBBD14002799A9 /* ContentView.swift in Sources */,
				1352FF8829FBBE0E002799A9 /* TileNode.swift in Sources */,
				1352FF8229FBBDD2002799A9 /* GameView.swift in Sources */,
				1352FF8A29FBBE20002799A9 /* WinScene.swift in Sources */,
				1352FF8629FBBDFF002799A9 /* MazeLib.swift in Sources */,
				1352FF8429FBBDE4002799A9 /* GameScene.swift in Sources */,
				1352FF8E29FBBE47002799A9 /* ExtDistance.swift in Sources */,
				1352FF7429FBBD14002799A9 /* DarkMazeApp.swift in Sources */,
			);
			runOnlyForDeploymentPostprocessing = 0;
		};
/* End PBXSourcesBuildPhase section */

/* Begin XCBuildConfiguration section */
		1352FF7C29FBBD15002799A9 /* Debug */ = {
			isa = XCBuildConfiguration;
			buildSettings = {
				ALWAYS_SEARCH_USER_PATHS = NO;
				CLANG_ANALYZER_NONNULL = YES;
				CLANG_ANALYZER_NUMBER_OBJECT_CONVERSION = YES_AGGRESSIVE;
				CLANG_CXX_LANGUAGE_STANDARD = "gnu++20";
				CLANG_ENABLE_MODULES = YES;
				CLANG_ENABLE_OBJC_ARC = YES;
				CLANG_ENABLE_OBJC_WEAK = YES;
				CLANG_WARN_BLOCK_CAPTURE_AUTORELEASING = YES;
				CLANG_WARN_BOOL_CONVERSION = YES;
				CLANG_WARN_COMMA = YES;
				CLANG_WARN_CONSTANT_CONVERSION = YES;
				CLANG_WARN_DEPRECATED_OBJC_IMPLEMENTATIONS = YES;
				CLANG_WARN_DIRECT_OBJC_ISA_USAGE = YES_ERROR;
				CLANG_WARN_DOCUMENTATION_COMMENTS = YES;
				CLANG_WARN_EMPTY_BODY = YES;
				CLANG_WARN_ENUM_CONVERSION = YES;
				CLANG_WARN_INFINITE_RECURSION = YES;
				CLANG_WARN_INT_CONVERSION = YES;
				CLANG_WARN_NON_LITERAL_NULL_CONVERSION = YES;
				CLANG_WARN_OBJC_IMPLICIT_RETAIN_SELF = YES;
				CLANG_WARN_OBJC_LITERAL_CONVERSION = YES;
				CLANG_WARN_OBJC_ROOT_CLASS = YES_ERROR;
				CLANG_WARN_QUOTED_INCLUDE_IN_FRAMEWORK_HEADER = YES;
				CLANG_WARN_RANGE_LOOP_ANALYSIS = YES;
				CLANG_WARN_STRICT_PROTOTYPES = YES;
				CLANG_WARN_SUSPICIOUS_MOVE = YES;
				CLANG_WARN_UNGUARDED_AVAILABILITY = YES_AGGRESSIVE;
				CLANG_WARN_UNREACHABLE_CODE = YES;
				CLANG_WARN__DUPLICATE_METHOD_MATCH = YES;
				COPY_PHASE_STRIP = NO;
				DEBUG_INFORMATION_FORMAT = dwarf;
				ENABLE_STRICT_OBJC_MSGSEND = YES;
				ENABLE_TESTABILITY = YES;
				GCC_C_LANGUAGE_STANDARD = gnu11;
				GCC_DYNAMIC_NO_PIC = NO;
				GCC_NO_COMMON_BLOCKS = YES;
				GCC_OPTIMIZATION_LEVEL = 0;
				GCC_PREPROCESSOR_DEFINITIONS = (
					"DEBUG=1",
					"$(inherited)",
				);
				GCC_WARN_64_TO_32_BIT_CONVERSION = YES;
				GCC_WARN_ABOUT_RETURN_TYPE = YES_ERROR;
				GCC_WARN_UNDECLARED_SELECTOR = YES;
				GCC_WARN_UNINITIALIZED_AUTOS = YES_AGGRESSIVE;
				GCC_WARN_UNUSED_FUNCTION = YES;
				GCC_WARN_UNUSED_VARIABLE = YES;
				IPHONEOS_DEPLOYMENT_TARGET = 16.4;
				MTL_ENABLE_DEBUG_INFO = INCLUDE_SOURCE;
				MTL_FAST_MATH = YES;
				ONLY_ACTIVE_ARCH = YES;
				SDKROOT = iphoneos;
				SWIFT_ACTIVE_COMPILATION_CONDITIONS = DEBUG;
				SWIFT_OPTIMIZATION_LEVEL = "-Onone";
			};
			name = Debug;
		};
		1352FF7D29FBBD15002799A9 /* Release */ = {
			isa = XCBuildConfiguration;
			buildSettings = {
				ALWAYS_SEARCH_USER_PATHS = NO;
				CLANG_ANALYZER_NONNULL = YES;
				CLANG_ANALYZER_NUMBER_OBJECT_CONVERSION = YES_AGGRESSIVE;
				CLANG_CXX_LANGUAGE_STANDARD = "gnu++20";
				CLANG_ENABLE_MODULES = YES;
				CLANG_ENABLE_OBJC_ARC = YES;
				CLANG_ENABLE_OBJC_WEAK = YES;
				CLANG_WARN_BLOCK_CAPTURE_AUTORELEASING = YES;
				CLANG_WARN_BOOL_CONVERSION = YES;
				CLANG_WARN_COMMA = YES;
				CLANG_WARN_CONSTANT_CONVERSION = YES;
				CLANG_WARN_DEPRECATED_OBJC_IMPLEMENTATIONS = YES;
				CLANG_WARN_DIRECT_OBJC_ISA_USAGE = YES_ERROR;
				CLANG_WARN_DOCUMENTATION_COMMENTS = YES;
				CLANG_WARN_EMPTY_BODY = YES;
				CLANG_WARN_ENUM_CONVERSION = YES;
				CLANG_WARN_INFINITE_RECURSION = YES;
				CLANG_WARN_INT_CONVERSION = YES;
				CLANG_WARN_NON_LITERAL_NULL_CONVERSION = YES;
				CLANG_WARN_OBJC_IMPLICIT_RETAIN_SELF = YES;
				CLANG_WARN_OBJC_LITERAL_CONVERSION = YES;
				CLANG_WARN_OBJC_ROOT_CLASS = YES_ERROR;
				CLANG_WARN_QUOTED_INCLUDE_IN_FRAMEWORK_HEADER = YES;
				CLANG_WARN_RANGE_LOOP_ANALYSIS = YES;
				CLANG_WARN_STRICT_PROTOTYPES = YES;
				CLANG_WARN_SUSPICIOUS_MOVE = YES;
				CLANG_WARN_UNGUARDED_AVAILABILITY = YES_AGGRESSIVE;
				CLANG_WARN_UNREACHABLE_CODE = YES;
				CLANG_WARN__DUPLICATE_METHOD_MATCH = YES;
				COPY_PHASE_STRIP = NO;
				DEBUG_INFORMATION_FORMAT = "dwarf-with-dsym";
				ENABLE_NS_ASSERTIONS = NO;
				ENABLE_STRICT_OBJC_MSGSEND = YES;
				GCC_C_LANGUAGE_STANDARD = gnu11;
				GCC_NO_COMMON_BLOCKS = YES;
				GCC_WARN_64_TO_32_BIT_CONVERSION = YES;
				GCC_WARN_ABOUT_RETURN_TYPE = YES_ERROR;
				GCC_WARN_UNDECLARED_SELECTOR = YES;
				GCC_WARN_UNINITIALIZED_AUTOS = YES_AGGRESSIVE;
				GCC_WARN_UNUSED_FUNCTION = YES;
				GCC_WARN_UNUSED_VARIABLE = YES;
				IPHONEOS_DEPLOYMENT_TARGET = 16.4;
				MTL_ENABLE_DEBUG_INFO = NO;
				MTL_FAST_MATH = YES;
				SDKROOT = iphoneos;
				SWIFT_COMPILATION_MODE = wholemodule;
				SWIFT_OPTIMIZATION_LEVEL = "-O";
				VALIDATE_PRODUCT = YES;
			};
			name = Release;
		};
		1352FF7F29FBBD15002799A9 /* Debug */ = {
			isa = XCBuildConfiguration;
			buildSettings = {
				ASSETCATALOG_COMPILER_APPICON_NAME = AppIcon;
				ASSETCATALOG_COMPILER_GLOBAL_ACCENT_COLOR_NAME = AccentColor;
				CODE_SIGN_STYLE = Automatic;
				CURRENT_PROJECT_VERSION = 1;
				DEVELOPMENT_ASSET_PATHS = "\"DarkMaze/Preview Content\"";
				DEVELOPMENT_TEAM = 3523U23689;
				ENABLE_PREVIEWS = YES;
				GENERATE_INFOPLIST_FILE = YES;
				INFOPLIST_KEY_UIApplicationSceneManifest_Generation = YES;
				INFOPLIST_KEY_UIApplicationSupportsIndirectInputEvents = YES;
				INFOPLIST_KEY_UILaunchScreen_Generation = YES;
				INFOPLIST_KEY_UISupportedInterfaceOrientations_iPad = "UIInterfaceOrientationPortrait UIInterfaceOrientationPortraitUpsideDown UIInterfaceOrientationLandscapeLeft UIInterfaceOrientationLandscapeRight";
				INFOPLIST_KEY_UISupportedInterfaceOrientations_iPhone = "UIInterfaceOrientationPortrait UIInterfaceOrientationLandscapeLeft UIInterfaceOrientationLandscapeRight";
				LD_RUNPATH_SEARCH_PATHS = (
					"$(inherited)",
					"@executable_path/Frameworks",
				);
				MARKETING_VERSION = 1.0;
				PRODUCT_BUNDLE_IDENTIFIER = slavny1.DarkMaze;
				PRODUCT_NAME = "$(TARGET_NAME)";
				SWIFT_EMIT_LOC_STRINGS = YES;
				SWIFT_VERSION = 5.0;
				TARGETED_DEVICE_FAMILY = "1,2";
			};
			name = Debug;
		};
		1352FF8029FBBD15002799A9 /* Release */ = {
			isa = XCBuildConfiguration;
			buildSettings = {
				ASSETCATALOG_COMPILER_APPICON_NAME = AppIcon;
				ASSETCATALOG_COMPILER_GLOBAL_ACCENT_COLOR_NAME = AccentColor;
				CODE_SIGN_STYLE = Automatic;
				CURRENT_PROJECT_VERSION = 1;
				DEVELOPMENT_ASSET_PATHS = "\"DarkMaze/Preview Content\"";
				DEVELOPMENT_TEAM = 3523U23689;
				ENABLE_PREVIEWS = YES;
				GENERATE_INFOPLIST_FILE = YES;
				INFOPLIST_KEY_UIApplicationSceneManifest_Generation = YES;
				INFOPLIST_KEY_UIApplicationSupportsIndirectInputEvents = YES;
				INFOPLIST_KEY_UILaunchScreen_Generation = YES;
				INFOPLIST_KEY_UISupportedInterfaceOrientations_iPad = "UIInterfaceOrientationPortrait UIInterfaceOrientationPortraitUpsideDown UIInterfaceOrientationLandscapeLeft UIInterfaceOrientationLandscapeRight";
				INFOPLIST_KEY_UISupportedInterfaceOrientations_iPhone = "UIInterfaceOrientationPortrait UIInterfaceOrientationLandscapeLeft UIInterfaceOrientationLandscapeRight";
				LD_RUNPATH_SEARCH_PATHS = (
					"$(inherited)",
					"@executable_path/Frameworks",
				);
				MARKETING_VERSION = 1.0;
				PRODUCT_BUNDLE_IDENTIFIER = slavny1.DarkMaze;
				PRODUCT_NAME = "$(TARGET_NAME)";
				SWIFT_EMIT_LOC_STRINGS = YES;
				SWIFT_VERSION = 5.0;
				TARGETED_DEVICE_FAMILY = "1,2";
			};
			name = Release;
		};
/* End XCBuildConfiguration section */

/* Begin XCConfigurationList section */
		1352FF6B29FBBD14002799A9 /* Build configuration list for PBXProject "DarkMaze" */ = {
			isa = XCConfigurationList;
			buildConfigurations = (
				1352FF7C29FBBD15002799A9 /* Debug */,
				1352FF7D29FBBD15002799A9 /* Release */,
			);
			defaultConfigurationIsVisible = 0;
			defaultConfigurationName = Release;
		};
		1352FF7E29FBBD15002799A9 /* Build configuration list for PBXNativeTarget "DarkMaze" */ = {
			isa = XCConfigurationList;
			buildConfigurations = (
				1352FF7F29FBBD15002799A9 /* Debug */,
				1352FF8029FBBD15002799A9 /* Release */,
			);
			defaultConfigurationIsVisible = 0;
			defaultConfigurationName = Release;
		};
/* End XCConfigurationList section */
	};
	rootObject = 1352FF6829FBBD14002799A9 /* Project object */;
}
